
Microsoft Visual Studio Solution File, Format Version 12.00
# Visual Studio Version 17
VisualStudioVersion = 17.0.32112.339
MinimumVisualStudioVersion = 10.0.40219.1
Project("{888888A0-9F3D-457C-B088-3A5042F75D52}") = "ARAM_mmr", "ARAM_mmr.pyproj", "{B6604FA4-D4AA-40D7-8A3A-9B1EE15B4A1A}"
EndProject
Global
	GlobalSection(SolutionConfigurationPlatforms) = preSolution
		Debug|Any CPU = Debug|Any CPU
		Release|Any CPU = Release|Any CPU
	EndGlobalSection
	GlobalSection(ProjectConfigurationPlatforms) = postSolution
		{B6604FA4-D4AA-40D7-8A3A-9B1EE15B4A1A}.Debug|Any CPU.ActiveCfg = Debug|Any CPU
		{B6604FA4-D4AA-40D7-8A3A-9B1EE15B4A1A}.Release|Any CPU.ActiveCfg = Release|Any CPU
	EndGlobalSection
	GlobalSection(SolutionProperties) = preSolution
		HideSolutionNode = FALSE
	EndGlobalSection
	GlobalSection(ExtensibilityGlobals) = postSolution
		SolutionGuid = {48C6D7DB-2AEB-444D-A3C6-FE0A59A7AE10}
	EndGlobalSection
EndGlobal
